
Microsoft Visual Studio Solution File, Format Version 12.00
# Visual Studio Version 17
VisualStudioVersion = 17.7.34202.233
MinimumVisualStudioVersion = 10.0.40219.1
Project("{FAE04EC0-301F-11D3-BF4B-00C04F79EFBC}") = "Project1_AdonetCustomer", "Project1_AdonetCustomer\Project1_AdonetCustomer.csproj", "{FB09956C-BA0F-4ECF-A2FF-382A2A281EB9}"
EndProject
Project("{FAE04EC0-301F-11D3-BF4B-00C04F79EFBC}") = "Project2_EntityFrameworkDbFirstProduct", "Project2_EntityFrameworkDbFirstProduct\Project2_EntityFrameworkDbFirstProduct.csproj", "{85A541F2-40AA-41ED-ACE4-1223D2C06621}"
EndProject
Project("{FAE04EC0-301F-11D3-BF4B-00C04F79EFBC}") = "Project3_EntityFrameworkStatistics", "Project3_EntityFrameworkStatistics\Project3_EntityFrameworkStatistics.csproj", "{8A2A1CBB-F34F-4675-A009-82BA1C65614C}"
EndProject
Project("{FAE04EC0-301F-11D3-BF4B-00C04F79EFBC}") = "Project4_EntityFrameworkCodeFirstMovie", "Project4_EntityFrameworkCodeFirstMovie\Project4_EntityFrameworkCodeFirstMovie.csproj", "{98582F28-8449-4474-983B-E49EAB9F8D85}"
EndProject
Project("{FAE04EC0-301F-11D3-BF4B-00C04F79EFBC}") = "Project5_DapperNorthwind", "Project5_DapperNorthwind\Project5_DapperNorthwind.csproj", "{9FACAD63-6258-4BCA-AAB5-68F6BDE6D81F}"
EndProject
Project("{9A19103F-16F7-4668-BE54-9A1E7A4F7556}") = "Project6_ApiWeather", "Project6_ApiWeather\Project6_ApiWeather.csproj", "{5AE9EEDB-8E30-46BE-A60B-4F5AB3A6B99F}"
EndProject
Project("{9A19103F-16F7-4668-BE54-9A1E7A4F7556}") = "Project7_ApiWeatherConsume", "Project7_ApiWeatherConsume\Project7_ApiWeatherConsume.csproj", "{864C85F6-DA1F-484F-8728-FF7A113992B4}"
EndProject
Project("{FAE04EC0-301F-11D3-BF4B-00C04F79EFBC}") = "Project8_RapidApiCurrency", "Project8_RapidApiCurrency\Project8_RapidApiCurrency.csproj", "{D9C3C639-60A6-4A36-B9B9-7BD669D67330}"
EndProject
Project("{FAE04EC0-301F-11D3-BF4B-00C04F79EFBC}") = "Project9_MongoDbOrder", "Project9_MongoDbOrder\Project9_MongoDbOrder.csproj", "{063995BB-BF6D-48C9-A0D4-CAF20C3DDFDF}"
EndProject
Project("{FAE04EC0-301F-11D3-BF4B-00C04F79EFBC}") = "Project10_PostgreSQLToDoListApp", "Project10_PostgreSQLToDoListApp\Project10_PostgreSQLToDoListApp.csproj", "{945057F1-B86B-4956-A817-7FE4451E81B3}"
EndProject
Global
	GlobalSection(SolutionConfigurationPlatforms) = preSolution
		Debug|Any CPU = Debug|Any CPU
		Release|Any CPU = Release|Any CPU
	EndGlobalSection
	GlobalSection(ProjectConfigurationPlatforms) = postSolution
		{FB09956C-BA0F-4ECF-A2FF-382A2A281EB9}.Debug|Any CPU.ActiveCfg = Debug|Any CPU
		{FB09956C-BA0F-4ECF-A2FF-382A2A281EB9}.Debug|Any CPU.Build.0 = Debug|Any CPU
		{FB09956C-BA0F-4ECF-A2FF-382A2A281EB9}.Release|Any CPU.ActiveCfg = Release|Any CPU
		{FB09956C-BA0F-4ECF-A2FF-382A2A281EB9}.Release|Any CPU.Build.0 = Release|Any CPU
		{85A541F2-40AA-41ED-ACE4-1223D2C06621}.Debug|Any CPU.ActiveCfg = Debug|Any CPU
		{85A541F2-40AA-41ED-ACE4-1223D2C06621}.Debug|Any CPU.Build.0 = Debug|Any CPU
		{85A541F2-40AA-41ED-ACE4-1223D2C06621}.Release|Any CPU.ActiveCfg = Release|Any CPU
		{85A541F2-40AA-41ED-ACE4-1223D2C06621}.Release|Any CPU.Build.0 = Release|Any CPU
		{8A2A1CBB-F34F-4675-A009-82BA1C65614C}.Debug|Any CPU.ActiveCfg = Debug|Any CPU
		{8A2A1CBB-F34F-4675-A009-82BA1C65614C}.Debug|Any CPU.Build.0 = Debug|Any CPU
		{8A2A1CBB-F34F-4675-A009-82BA1C65614C}.Release|Any CPU.ActiveCfg = Release|Any CPU
		{8A2A1CBB-F34F-4675-A009-82BA1C65614C}.Release|Any CPU.Build.0 = Release|Any CPU
		{98582F28-8449-4474-983B-E49EAB9F8D85}.Debug|Any CPU.ActiveCfg = Debug|Any CPU
		{98582F28-8449-4474-983B-E49EAB9F8D85}.Debug|Any CPU.Build.0 = Debug|Any CPU
		{98582F28-8449-4474-983B-E49EAB9F8D85}.Release|Any CPU.ActiveCfg = Release|Any CPU
		{98582F28-8449-4474-983B-E49EAB9F8D85}.Release|Any CPU.Build.0 = Release|Any CPU
		{9FACAD63-6258-4BCA-AAB5-68F6BDE6D81F}.Debug|Any CPU.ActiveCfg = Debug|Any CPU
		{9FACAD63-6258-4BCA-AAB5-68F6BDE6D81F}.Debug|Any CPU.Build.0 = Debug|Any CPU
		{9FACAD63-6258-4BCA-AAB5-68F6BDE6D81F}.Release|Any CPU.ActiveCfg = Release|Any CPU
		{9FACAD63-6258-4BCA-AAB5-68F6BDE6D81F}.Release|Any CPU.Build.0 = Release|Any CPU
		{5AE9EEDB-8E30-46BE-A60B-4F5AB3A6B99F}.Debug|Any CPU.ActiveCfg = Debug|Any CPU
		{5AE9EEDB-8E30-46BE-A60B-4F5AB3A6B99F}.Debug|Any CPU.Build.0 = Debug|Any CPU
		{5AE9EEDB-8E30-46BE-A60B-4F5AB3A6B99F}.Release|Any CPU.ActiveCfg = Release|Any CPU
		{5AE9EEDB-8E30-46BE-A60B-4F5AB3A6B99F}.Release|Any CPU.Build.0 = Release|Any CPU
		{864C85F6-DA1F-484F-8728-FF7A113992B4}.Debug|Any CPU.ActiveCfg = Debug|Any CPU
		{864C85F6-DA1F-484F-8728-FF7A113992B4}.Debug|Any CPU.Build.0 = Debug|Any CPU
		{864C85F6-DA1F-484F-8728-FF7A113992B4}.Release|Any CPU.ActiveCfg = Release|Any CPU
		{864C85F6-DA1F-484F-8728-FF7A113992B4}.Release|Any CPU.Build.0 = Release|Any CPU
		{D9C3C639-60A6-4A36-B9B9-7BD669D67330}.Debug|Any CPU.ActiveCfg = Debug|Any CPU
		{D9C3C639-60A6-4A36-B9B9-7BD669D67330}.Debug|Any CPU.Build.0 = Debug|Any CPU
		{D9C3C639-60A6-4A36-B9B9-7BD669D67330}.Release|Any CPU.ActiveCfg = Release|Any CPU
		{D9C3C639-60A6-4A36-B9B9-7BD669D67330}.Release|Any CPU.Build.0 = Release|Any CPU
		{063995BB-BF6D-48C9-A0D4-CAF20C3DDFDF}.Debug|Any CPU.ActiveCfg = Debug|Any CPU
		{063995BB-BF6D-48C9-A0D4-CAF20C3DDFDF}.Debug|Any CPU.Build.0 = Debug|Any CPU
		{063995BB-BF6D-48C9-A0D4-CAF20C3DDFDF}.Release|Any CPU.ActiveCfg = Release|Any CPU
		{063995BB-BF6D-48C9-A0D4-CAF20C3DDFDF}.Release|Any CPU.Build.0 = Release|Any CPU
		{945057F1-B86B-4956-A817-7FE4451E81B3}.Debug|Any CPU.ActiveCfg = Debug|Any CPU
		{945057F1-B86B-4956-A817-7FE4451E81B3}.Debug|Any CPU.Build.0 = Debug|Any CPU
		{945057F1-B86B-4956-A817-7FE4451E81B3}.Release|Any CPU.ActiveCfg = Release|Any CPU
		{945057F1-B86B-4956-A817-7FE4451E81B3}.Release|Any CPU.Build.0 = Release|Any CPU
	EndGlobalSection
	GlobalSection(SolutionProperties) = preSolution
		HideSolutionNode = FALSE
	EndGlobalSection
	GlobalSection(ExtensibilityGlobals) = postSolution
		SolutionGuid = {93D932D7-3B96-426E-A8EB-C5B2F200D918}
	EndGlobalSection
EndGlobal
